<Solution>
  <Folder Name="/src/">
    <Project Path="src/Mailbox.App/Mailbox.App.csproj" />
    <Project Path="src/Mailbox.Contacts/Mailbox.Contacts.csproj" />
    <Project Path="src/Mailbox.Controls.Calendar/Mailbox.Controls.Calendar.csproj" />
    <Project Path="src/Mailbox.Controls.Common/Mailbox.Controls.Common.csproj" />
    <Project Path="src/Mailbox.Controls.Journal/Mailbox.Controls.Journal.csproj" />
    <Project Path="src/Mailbox.Controls.Notes/Mailbox.Controls.Notes.csproj" />
    <Project Path="src/Mailbox.Controls.People/Mailbox.Controls.People.csproj" />
    <Project Path="src/Mailbox.Controls.Ribbon/Mailbox.Controls.Ribbon.csproj" />
    <Project Path="src/Mailbox.Controls.Tasks/Mailbox.Controls.Tasks.csproj" />
    <Project Path="src/Mailbox.Core/Mailbox.Core.csproj" />
    <Project Path="src/Mailbox.Dav/Mailbox.Dav.csproj" />
    <Project Path="src/Mailbox.Editor/Mailbox.Editor.csproj" />
    <Project Path="src/Mailbox.Junk/Mailbox.Junk.csproj" />
    <Project Path="src/Mailbox.Protocols/Mailbox.Protocols.csproj" />
    <Project Path="src/Mailbox.Rendering/Mailbox.Rendering.csproj" />
    <Project Path="src/Mailbox.Scheduling/Mailbox.Scheduling.csproj" />
    <Project Path="src/Mailbox.Security/Mailbox.Security.csproj" />
    <Project Path="src/Mailbox.Store/Mailbox.Store.csproj" />
    <Project Path="src/Mailbox.Theming/Mailbox.Theming.csproj" />
  </Folder>
  <Folder Name="/tests/">
    <Project Path="tests/Mailbox.Tests/Mailbox.Tests.csproj" />
  </Folder>
</Solution>
